// !$*UTF8*$!
{
	archiveVersion = 1;
	classes = {
	};
	objectVersion = 50;
	objects = {

/* Begin PBXBuildFile section */
		960767E921410DED009CFD6F /* AppDelegate.swift in Sources */ = {isa = PBXBuildFile; fileRef = 960767E821410DED009CFD6F /* AppDelegate.swift */; };
		960767EB21410DED009CFD6F /* ViewController.swift in Sources */ = {isa = PBXBuildFile; fileRef = 960767EA21410DED009CFD6F /* ViewController.swift */; };
		960767EE21410DED009CFD6F /* Main.storyboard in Resources */ = {isa = PBXBuildFile; fileRef = 960767EC21410DED009CFD6F /* Main.storyboard */; };
		960767F021410DEE009CFD6F /* Assets.xcassets in Resources */ = {isa = PBXBuildFile; fileRef = 960767EF21410DEE009CFD6F /* Assets.xcassets */; };
		960767F321410DEE009CFD6F /* LaunchScreen.storyboard in Resources */ = {isa = PBXBuildFile; fileRef = 960767F121410DEE009CFD6F /* LaunchScreen.storyboard */; };
		960767FC21410E3C009CFD6F /* SwiftRoundView.swift in Sources */ = {isa = PBXBuildFile; fileRef = 960767FB21410E3C009CFD6F /* SwiftRoundView.swift */; };
/* End PBXBuildFile section */

/* Begin PBXFileReference section */
		960767E521410DED009CFD6F /* SwiftRoundView.app */ = {isa = PBXFileReference; explicitFileType = wrapper.application; includeInIndex = 0; path = SwiftRoundView.app; sourceTree = BUILT_PRODUCTS_DIR; };
		960767E821410DED009CFD6F /* AppDelegate.swift */ = {isa = PBXFileReference; lastKnownFileType = sourcecode.swift; path = AppDelegate.swift; sourceTree = "<group>"; };
		960767EA21410DED009CFD6F /* ViewController.swift */ = {isa = PBXFileReference; lastKnownFileType = sourcecode.swift; path = ViewController.swift; sourceTree = "<group>"; };
		960767ED21410DED009CFD6F /* Base */ = {isa = PBXFileReference; lastKnownFileType = file.storyboard; name = Base; path = Base.lproj/Main.storyboard; sourceTree = "<group>"; };
		960767EF21410DEE009CFD6F /* Assets.xcassets */ = {isa = PBXFileReference; lastKnownFileType = folder.assetcatalog; path = Assets.xcassets; sourceTree = "<group>"; };
		960767F221410DEE009CFD6F /* Base */ = {isa = PBXFileReference; lastKnownFileType = file.storyboard; name = Base; path = Base.lproj/LaunchScreen.storyboard; sourceTree = "<group>"; };
		960767F421410DEE009CFD6F /* Info.plist */ = {isa = PBXFileReference; lastKnownFileType = text.plist.xml; path = Info.plist; sourceTree = "<group>"; };
		960767FB21410E3C009CFD6F /* SwiftRoundView.swift */ = {isa = PBXFileReference; lastKnownFileType = sourcecode.swift; path = SwiftRoundView.swift; sourceTree = "<group>"; };
/* End PBXFileReference section */

/* Begin PBXFrameworksBuildPhase section */
		960767E221410DED009CFD6F /* Frameworks */ = {
			isa = PBXFrameworksBuildPhase;
			buildActionMask = 2147483647;
			files = (
			);
			runOnlyForDeploymentPostprocessing = 0;
		};
/* End PBXFrameworksBuildPhase section */

/* Begin PBXGroup section */
		960767DC21410DED009CFD6F = {
			isa = PBXGroup;
			children = (
				960767E721410DED009CFD6F /* SwiftRoundView */,
				960767E621410DED009CFD6F /* Products */,
			);
			sourceTree = "<group>";
		};
		960767E621410DED009CFD6F /* Products */ = {
			isa = PBXGroup;
			children = (
				960767E521410DED009CFD6F /* SwiftRoundView.app */,
			);
			name = Products;
			sourceTree = "<group>";
		};
		960767E721410DED009CFD6F /* SwiftRoundView */ = {
			isa = PBXGroup;
			children = (
				960767E821410DED009CFD6F /* AppDelegate.swift */,
				960767EA21410DED009CFD6F /* ViewController.swift */,
				960767FA21410E0A009CFD6F /* SwiftRoundView */,
				960767EC21410DED009CFD6F /* Main.storyboard */,
				960767EF21410DEE009CFD6F /* Assets.xcassets */,
				960767F121410DEE009CFD6F /* LaunchScreen.storyboard */,
				960767F421410DEE009CFD6F /* Info.plist */,
			);
			path = SwiftRoundView;
			sourceTree = "<group>";
		};
		960767FA21410E0A009CFD6F /* SwiftRoundView */ = {
			isa = PBXGroup;
			children = (
				960767FB21410E3C009CFD6F /* SwiftRoundView.swift */,
			);
			path = SwiftRoundView;
			sourceTree = "<group>";
		};
/* End PBXGroup section */

/* Begin PBXNativeTarget section */
		960767E421410DED009CFD6F /* SwiftRoundView */ = {
			isa = PBXNativeTarget;
			buildConfigurationList = 960767F721410DEE009CFD6F /* Build configuration list for PBXNativeTarget "SwiftRoundView" */;
			buildPhases = (
				960767E121410DED009CFD6F /* Sources */,
				960767E221410DED009CFD6F /* Frameworks */,
				960767E321410DED009CFD6F /* Resources */,
			);
			buildRules = (
			);
			dependencies = (
			);
			name = SwiftRoundView;
			productName = SwiftRoundView;
			productReference = 960767E521410DED009CFD6F /* SwiftRoundView.app */;
			productType = "com.apple.product-type.application";
		};
/* End PBXNativeTarget section */

/* Begin PBXProject section */
		960767DD21410DED009CFD6F /* Project object */ = {
			isa = PBXProject;
			attributes = {
				LastSwiftUpdateCheck = 0940;
				LastUpgradeCheck = 0940;
				ORGANIZATIONNAME = "George Leonidas";
				TargetAttributes = {
					960767E421410DED009CFD6F = {
						CreatedOnToolsVersion = 9.4.1;
					};
				};
			};
			buildConfigurationList = 960767E021410DED009CFD6F /* Build configuration list for PBXProject "SwiftRoundView" */;
			compatibilityVersion = "Xcode 9.3";
			developmentRegion = en;
			hasScannedForEncodings = 0;
			knownRegions = (
				en,
				Base,
			);
			mainGroup = 960767DC21410DED009CFD6F;
			productRefGroup = 960767E621410DED009CFD6F /* Products */;
			projectDirPath = "";
			projectRoot = "";
			targets = (
				960767E421410DED009CFD6F /* SwiftRoundView */,
			);
		};
/* End PBXProject section */

/* Begin PBXResourcesBuildPhase section */
		960767E321410DED009CFD6F /* Resources */ = {
			isa = PBXResourcesBuildPhase;
			buildActionMask = 2147483647;
			files = (
				960767F321410DEE009CFD6F /* LaunchScreen.storyboard in Resources */,
				960767F021410DEE009CFD6F /* Assets.xcassets in Resources */,
				960767EE21410DED009CFD6F /* Main.storyboard in Resources */,
			);
			runOnlyForDeploymentPostprocessing = 0;
		};
/* End PBXResourcesBuildPhase section */

/* Begin PBXSourcesBuildPhase section */
		960767E121410DED009CFD6F /* Sources */ = {
			isa = PBXSourcesBuildPhase;
			buildActionMask = 2147483647;
			files = (
				960767FC21410E3C009CFD6F /* SwiftRoundView.swift in Sources */,
				960767EB21410DED009CFD6F /* ViewController.swift in Sources */,
				960767E921410DED009CFD6F /* AppDelegate.swift in Sources */,
			);
			runOnlyForDeploymentPostprocessing = 0;
		};
/* End PBXSourcesBuildPhase section */

/* Begin PBXVariantGroup section */
		960767EC21410DED009CFD6F /* Main.storyboard */ = {
			isa = PBXVariantGroup;
			children = (
				960767ED21410DED009CFD6F /* Base */,
			);
			name = Main.storyboard;
			sourceTree = "<group>";
		};
		960767F121410DEE009CFD6F /* LaunchScreen.storyboard */ = {
			isa = PBXVariantGroup;
			children = (
				960767F221410DEE009CFD6F /* Base */,
			);
			name = LaunchScreen.storyboard;
			sourceTree = "<group>";
		};
/* End PBXVariantGroup section */

/* Begin XCBuildConfiguration section */
		960767F521410DEE009CFD6F /* Debug */ = {
			isa = XCBuildConfiguration;
			buildSettings = {
				ALWAYS_SEARCH_USER_PATHS = NO;
				CLANG_ANALYZER_NONNULL = YES;
				CLANG_ANALYZER_NUMBER_OBJECT_CONVERSION = YES_AGGRESSIVE;
				CLANG_CXX_LANGUAGE_STANDARD = "gnu++14";
				CLANG_CXX_LIBRARY = "libc++";
				CLANG_ENABLE_MODULES = YES;
				CLANG_ENABLE_OBJC_ARC = YES;
				CLANG_ENABLE_OBJC_WEAK = YES;
				CLANG_WARN_BLOCK_CAPTURE_AUTORELEASING = YES;
				CLANG_WARN_BOOL_CONVERSION = YES;
				CLANG_WARN_COMMA = YES;
				CLANG_WARN_CONSTANT_CONVERSION = YES;
				CLANG_WARN_DEPRECATED_OBJC_IMPLEMENTATIONS = YES;
				CLANG_WARN_DIRECT_OBJC_ISA_USAGE = YES_ERROR;
				CLANG_WARN_DOCUMENTATION_COMMENTS = YES;
				CLANG_WARN_EMPTY_BODY = YES;
				CLANG_WARN_ENUM_CONVERSION = YES;
				CLANG_WARN_INFINITE_RECURSION = YES;
				CLANG_WARN_INT_CONVERSION = YES;
				CLANG_WARN_NON_LITERAL_NULL_CONVERSION = YES;
				CLANG_WARN_OBJC_IMPLICIT_RETAIN_SELF = YES;
				CLANG_WARN_OBJC_LITERAL_CONVERSION = YES;
				CLANG_WARN_OBJC_ROOT_CLASS = YES_ERROR;
				CLANG_WARN_RANGE_LOOP_ANALYSIS = YES;
				CLANG_WARN_STRICT_PROTOTYPES = YES;
				CLANG_WARN_SUSPICIOUS_MOVE = YES;
				CLANG_WARN_UNGUARDED_AVAILABILITY = YES_AGGRESSIVE;
				CLANG_WARN_UNREACHABLE_CODE = YES;
				CLANG_WARN__DUPLICATE_METHOD_MATCH = YES;
				CODE_SIGN_IDENTITY = "iPhone Developer";
				COPY_PHASE_STRIP = NO;
				DEBUG_INFORMATION_FORMAT = dwarf;
				ENABLE_STRICT_OBJC_MSGSEND = YES;
				ENABLE_TESTABILITY = YES;
				GCC_C_LANGUAGE_STANDARD = gnu11;
				GCC_DYNAMIC_NO_PIC = NO;
				GCC_NO_COMMON_BLOCKS = YES;
				GCC_OPTIMIZATION_LEVEL = 0;
				GCC_PREPROCESSOR_DEFINITIONS = (
					"DEBUG=1",
					"$(inherited)",
				);
				GCC_WARN_64_TO_32_BIT_CONVERSION = YES;
				GCC_WARN_ABOUT_RETURN_TYPE = YES_ERROR;
				GCC_WARN_UNDECLARED_SELECTOR = YES;
				GCC_WARN_UNINITIALIZED_AUTOS = YES_AGGRESSIVE;
				GCC_WARN_UNUSED_FUNCTION = YES;
				GCC_WARN_UNUSED_VARIABLE = YES;
				IPHONEOS_DEPLOYMENT_TARGET = 11.4;
				MTL_ENABLE_DEBUG_INFO = YES;
				ONLY_ACTIVE_ARCH = YES;
				SDKROOT = iphoneos;
				SWIFT_ACTIVE_COMPILATION_CONDITIONS = DEBUG;
				SWIFT_OPTIMIZATION_LEVEL = "-Onone";
			};
			name = Debug;
		};
		960767F621410DEE009CFD6F /* Release */ = {
			isa = XCBuildConfiguration;
			buildSettings = {
				ALWAYS_SEARCH_USER_PATHS = NO;
				CLANG_ANALYZER_NONNULL = YES;
				CLANG_ANALYZER_NUMBER_OBJECT_CONVERSION = YES_AGGRESSIVE;
				CLANG_CXX_LANGUAGE_STANDARD = "gnu++14";
				CLANG_CXX_LIBRARY = "libc++";
				CLANG_ENABLE_MODULES = YES;
				CLANG_ENABLE_OBJC_ARC = YES;
				CLANG_ENABLE_OBJC_WEAK = YES;
				CLANG_WARN_BLOCK_CAPTURE_AUTORELEASING = YES;
				CLANG_WARN_BOOL_CONVERSION = YES;
				CLANG_WARN_COMMA = YES;
				CLANG_WARN_CONSTANT_CONVERSION = YES;
				CLANG_WARN_DEPRECATED_OBJC_IMPLEMENTATIONS = YES;
				CLANG_WARN_DIRECT_OBJC_ISA_USAGE = YES_ERROR;
				CLANG_WARN_DOCUMENTATION_COMMENTS = YES;
				CLANG_WARN_EMPTY_BODY = YES;
				CLANG_WARN_ENUM_CONVERSION = YES;
				CLANG_WARN_INFINITE_RECURSION = YES;
				CLANG_WARN_INT_CONVERSION = YES;
				CLANG_WARN_NON_LITERAL_NULL_CONVERSION = YES;
				CLANG_WARN_OBJC_IMPLICIT_RETAIN_SELF = YES;
				CLANG_WARN_OBJC_LITERAL_CONVERSION = YES;
				CLANG_WARN_OBJC_ROOT_CLASS = YES_ERROR;
				CLANG_WARN_RANGE_LOOP_ANALYSIS = YES;
				CLANG_WARN_STRICT_PROTOTYPES = YES;
				CLANG_WARN_SUSPICIOUS_MOVE = YES;
				CLANG_WARN_UNGUARDED_AVAILABILITY = YES_AGGRESSIVE;
				CLANG_WARN_UNREACHABLE_CODE = YES;
				CLANG_WARN__DUPLICATE_METHOD_MATCH = YES;
				CODE_SIGN_IDENTITY = "iPhone Developer";
				COPY_PHASE_STRIP = NO;
				DEBUG_INFORMATION_FORMAT = "dwarf-with-dsym";
				ENABLE_NS_ASSERTIONS = NO;
				ENABLE_STRICT_OBJC_MSGSEND = YES;
				GCC_C_LANGUAGE_STANDARD = gnu11;
				GCC_NO_COMMON_BLOCKS = YES;
				GCC_WARN_64_TO_32_BIT_CONVERSION = YES;
				GCC_WARN_ABOUT_RETURN_TYPE = YES_ERROR;
				GCC_WARN_UNDECLARED_SELECTOR = YES;
				GCC_WARN_UNINITIALIZED_AUTOS = YES_AGGRESSIVE;
				GCC_WARN_UNUSED_FUNCTION = YES;
				GCC_WARN_UNUSED_VARIABLE = YES;
				IPHONEOS_DEPLOYMENT_TARGET = 11.4;
				MTL_ENABLE_DEBUG_INFO = NO;
				SDKROOT = iphoneos;
				SWIFT_COMPILATION_MODE = wholemodule;
				SWIFT_OPTIMIZATION_LEVEL = "-O";
				VALIDATE_PRODUCT = YES;
			};
			name = Release;
		};
		960767F821410DEE009CFD6F /* Debug */ = {
			isa = XCBuildConfiguration;
			buildSettings = {
				ASSETCATALOG_COMPILER_APPICON_NAME = AppIcon;
				CODE_SIGN_STYLE = Automatic;
				DEVELOPMENT_TEAM = 4TQY6KETM2;
				INFOPLIST_FILE = SwiftRoundView/Info.plist;
				LD_RUNPATH_SEARCH_PATHS = (
					"$(inherited)",
					"@executable_path/Frameworks",
				);
				PRODUCT_BUNDLE_IDENTIFIER = com.georgeleonidas.SwiftRoundView;
				PRODUCT_NAME = "$(TARGET_NAME)";
				SWIFT_VERSION = 4.0;
				TARGETED_DEVICE_FAMILY = "1,2";
			};
			name = Debug;
		};
		960767F921410DEE009CFD6F /* Release */ = {
			isa = XCBuildConfiguration;
			buildSettings = {
				ASSETCATALOG_COMPILER_APPICON_NAME = AppIcon;
				CODE_SIGN_STYLE = Automatic;
				DEVELOPMENT_TEAM = 4TQY6KETM2;
				INFOPLIST_FILE = SwiftRoundView/Info.plist;
				LD_RUNPATH_SEARCH_PATHS = (
					"$(inherited)",
					"@executable_path/Frameworks",
				);
				PRODUCT_BUNDLE_IDENTIFIER = com.georgeleonidas.SwiftRoundView;
				PRODUCT_NAME = "$(TARGET_NAME)";
				SWIFT_VERSION = 4.0;
				TARGETED_DEVICE_FAMILY = "1,2";
			};
			name = Release;
		};
/* End XCBuildConfiguration section */

/* Begin XCConfigurationList section */
		960767E021410DED009CFD6F /* Build configuration list for PBXProject "SwiftRoundView" */ = {
			isa = XCConfigurationList;
			buildConfigurations = (
				960767F521410DEE009CFD6F /* Debug */,
				960767F621410DEE009CFD6F /* Release */,
			);
			defaultConfigurationIsVisible = 0;
			defaultConfigurationName = Release;
		};
		960767F721410DEE009CFD6F /* Build configuration list for PBXNativeTarget "SwiftRoundView" */ = {
			isa = XCConfigurationList;
			buildConfigurations = (
				960767F821410DEE009CFD6F /* Debug */,
				960767F921410DEE009CFD6F /* Release */,
			);
			defaultConfigurationIsVisible = 0;
			defaultConfigurationName = Release;
		};
/* End XCConfigurationList section */
	};
	rootObject = 960767DD21410DED009CFD6F /* Project object */;
}
